// !$*UTF8*$!
{
	archiveVersion = 1;
	classes = {
	};
	objectVersion = 50;
	objects = {

/* Begin PBXBuildFile section */
		09FC5D49269A121F00A60427 /* AppDelegate.swift in Sources */ = {isa = PBXBuildFile; fileRef = 09FC5D48269A121F00A60427 /* AppDelegate.swift */; };
		09FC5D4B269A121F00A60427 /* SceneDelegate.swift in Sources */ = {isa = PBXBuildFile; fileRef = 09FC5D4A269A121F00A60427 /* SceneDelegate.swift */; };
		09FC5D4D269A121F00A60427 /* AllTasksController.swift in Sources */ = {isa = PBXBuildFile; fileRef = 09FC5D4C269A121F00A60427 /* AllTasksController.swift */; };
		09FC5D50269A121F00A60427 /* Main.storyboard in Resources */ = {isa = PBXBuildFile; fileRef = 09FC5D4E269A121F00A60427 /* Main.storyboard */; };
		09FC5D53269A121F00A60427 /* mvvm_core_data.xcdatamodeld in Sources */ = {isa = PBXBuildFile; fileRef = 09FC5D51269A121F00A60427 /* mvvm_core_data.xcdatamodeld */; };
		09FC5D55269A122000A60427 /* Assets.xcassets in Resources */ = {isa = PBXBuildFile; fileRef = 09FC5D54269A122000A60427 /* Assets.xcassets */; };
		09FC5D58269A122000A60427 /* LaunchScreen.storyboard in Resources */ = {isa = PBXBuildFile; fileRef = 09FC5D56269A122000A60427 /* LaunchScreen.storyboard */; };
		09FC5D6C269A280E00A60427 /* TaskViewModel.swift in Sources */ = {isa = PBXBuildFile; fileRef = 09FC5D6B269A280E00A60427 /* TaskViewModel.swift */; };
		09FC5D6E269A284500A60427 /* TaskRepository.swift in Sources */ = {isa = PBXBuildFile; fileRef = 09FC5D6D269A284500A60427 /* TaskRepository.swift */; };
		09FC5D70269A286900A60427 /* TaskModel.swift in Sources */ = {isa = PBXBuildFile; fileRef = 09FC5D6F269A286900A60427 /* TaskModel.swift */; };
		09FC5D76269A28B500A60427 /* TaskEntity+CoreDataClass.swift in Sources */ = {isa = PBXBuildFile; fileRef = 09FC5D72269A28B500A60427 /* TaskEntity+CoreDataClass.swift */; };
		09FC5D77269A28B500A60427 /* TaskEntity+CoreDataProperties.swift in Sources */ = {isa = PBXBuildFile; fileRef = 09FC5D73269A28B500A60427 /* TaskEntity+CoreDataProperties.swift */; };
		09FC5D78269A28B500A60427 /* UserEntity+CoreDataClass.swift in Sources */ = {isa = PBXBuildFile; fileRef = 09FC5D74269A28B500A60427 /* UserEntity+CoreDataClass.swift */; };
		09FC5D79269A28B500A60427 /* UserEntity+CoreDataProperties.swift in Sources */ = {isa = PBXBuildFile; fileRef = 09FC5D75269A28B500A60427 /* UserEntity+CoreDataProperties.swift */; };
		09FC5D7F269A2ED600A60427 /* AddTaskViewController.swift in Sources */ = {isa = PBXBuildFile; fileRef = 09FC5D7E269A2ED600A60427 /* AddTaskViewController.swift */; };
		09FC5D82269A303B00A60427 /* AddTaskViewModel.swift in Sources */ = {isa = PBXBuildFile; fileRef = 09FC5D81269A303B00A60427 /* AddTaskViewModel.swift */; };
		09FC5D84269A322100A60427 /* CoreDataStack.swift in Sources */ = {isa = PBXBuildFile; fileRef = 09FC5D83269A322100A60427 /* CoreDataStack.swift */; };
		09FC5D87269A349A00A60427 /* Constants.swift in Sources */ = {isa = PBXBuildFile; fileRef = 09FC5D86269A349A00A60427 /* Constants.swift */; };
/* End PBXBuildFile section */

/* Begin PBXFileReference section */
		09FC5D45269A121F00A60427 /* mvvm-core-data.app */ = {isa = PBXFileReference; explicitFileType = wrapper.application; includeInIndex = 0; path = "mvvm-core-data.app"; sourceTree = BUILT_PRODUCTS_DIR; };
		09FC5D48269A121F00A60427 /* AppDelegate.swift */ = {isa = PBXFileReference; lastKnownFileType = sourcecode.swift; path = AppDelegate.swift; sourceTree = "<group>"; };
		09FC5D4A269A121F00A60427 /* SceneDelegate.swift */ = {isa = PBXFileReference; lastKnownFileType = sourcecode.swift; path = SceneDelegate.swift; sourceTree = "<group>"; };
		09FC5D4C269A121F00A60427 /* AllTasksController.swift */ = {isa = PBXFileReference; lastKnownFileType = sourcecode.swift; path = AllTasksController.swift; sourceTree = "<group>"; };
		09FC5D4F269A121F00A60427 /* Base */ = {isa = PBXFileReference; lastKnownFileType = file.storyboard; name = Base; path = Base.lproj/Main.storyboard; sourceTree = "<group>"; };
		09FC5D52269A121F00A60427 /* mvvm_core_data.xcdatamodel */ = {isa = PBXFileReference; lastKnownFileType = wrapper.xcdatamodel; path = mvvm_core_data.xcdatamodel; sourceTree = "<group>"; };
		09FC5D54269A122000A60427 /* Assets.xcassets */ = {isa = PBXFileReference; lastKnownFileType = folder.assetcatalog; path = Assets.xcassets; sourceTree = "<group>"; };
		09FC5D57269A122000A60427 /* Base */ = {isa = PBXFileReference; lastKnownFileType = file.storyboard; name = Base; path = Base.lproj/LaunchScreen.storyboard; sourceTree = "<group>"; };
		09FC5D59269A122000A60427 /* Info.plist */ = {isa = PBXFileReference; lastKnownFileType = text.plist.xml; path = Info.plist; sourceTree = "<group>"; };
		09FC5D6B269A280E00A60427 /* TaskViewModel.swift */ = {isa = PBXFileReference; lastKnownFileType = sourcecode.swift; path = TaskViewModel.swift; sourceTree = "<group>"; };
		09FC5D6D269A284500A60427 /* TaskRepository.swift */ = {isa = PBXFileReference; lastKnownFileType = sourcecode.swift; path = TaskRepository.swift; sourceTree = "<group>"; };
		09FC5D6F269A286900A60427 /* TaskModel.swift */ = {isa = PBXFileReference; lastKnownFileType = sourcecode.swift; path = TaskModel.swift; sourceTree = "<group>"; };
		09FC5D72269A28B500A60427 /* TaskEntity+CoreDataClass.swift */ = {isa = PBXFileReference; lastKnownFileType = sourcecode.swift; path = "TaskEntity+CoreDataClass.swift"; sourceTree = "<group>"; };
		09FC5D73269A28B500A60427 /* TaskEntity+CoreDataProperties.swift */ = {isa = PBXFileReference; lastKnownFileType = sourcecode.swift; path = "TaskEntity+CoreDataProperties.swift"; sourceTree = "<group>"; };
		09FC5D74269A28B500A60427 /* UserEntity+CoreDataClass.swift */ = {isa = PBXFileReference; lastKnownFileType = sourcecode.swift; path = "UserEntity+CoreDataClass.swift"; sourceTree = "<group>"; };
		09FC5D75269A28B500A60427 /* UserEntity+CoreDataProperties.swift */ = {isa = PBXFileReference; lastKnownFileType = sourcecode.swift; path = "UserEntity+CoreDataProperties.swift"; sourceTree = "<group>"; };
		09FC5D7E269A2ED600A60427 /* AddTaskViewController.swift */ = {isa = PBXFileReference; lastKnownFileType = sourcecode.swift; path = AddTaskViewController.swift; sourceTree = "<group>"; };
		09FC5D81269A303B00A60427 /* AddTaskViewModel.swift */ = {isa = PBXFileReference; lastKnownFileType = sourcecode.swift; path = AddTaskViewModel.swift; sourceTree = "<group>"; };
		09FC5D83269A322100A60427 /* CoreDataStack.swift */ = {isa = PBXFileReference; lastKnownFileType = sourcecode.swift; path = CoreDataStack.swift; sourceTree = "<group>"; };
		09FC5D86269A349A00A60427 /* Constants.swift */ = {isa = PBXFileReference; lastKnownFileType = sourcecode.swift; path = Constants.swift; sourceTree = "<group>"; };
/* End PBXFileReference section */

/* Begin PBXFrameworksBuildPhase section */
		09FC5D42269A121F00A60427 /* Frameworks */ = {
			isa = PBXFrameworksBuildPhase;
			buildActionMask = 2147483647;
			files = (
			);
			runOnlyForDeploymentPostprocessing = 0;
		};
/* End PBXFrameworksBuildPhase section */

/* Begin PBXGroup section */
		09FC5D3C269A121F00A60427 = {
			isa = PBXGroup;
			children = (
				09FC5D47269A121F00A60427 /* mvvm-core-data */,
				09FC5D46269A121F00A60427 /* Products */,
			);
			sourceTree = "<group>";
		};
		09FC5D46269A121F00A60427 /* Products */ = {
			isa = PBXGroup;
			children = (
				09FC5D45269A121F00A60427 /* mvvm-core-data.app */,
			);
			name = Products;
			sourceTree = "<group>";
		};
		09FC5D47269A121F00A60427 /* mvvm-core-data */ = {
			isa = PBXGroup;
			children = (
				09FC5D85269A347E00A60427 /* constants */,
				09FC5D80269A2FC000A60427 /* coredata */,
				09FC5D6A269A27D700A60427 /* task */,
				09FC5D69269A273100A60427 /* support */,
				09FC5D68269A26E300A60427 /* storyboard */,
				09FC5D67269A26C900A60427 /* application */,
			);
			path = "mvvm-core-data";
			sourceTree = "<group>";
		};
		09FC5D67269A26C900A60427 /* application */ = {
			isa = PBXGroup;
			children = (
				09FC5D48269A121F00A60427 /* AppDelegate.swift */,
				09FC5D4A269A121F00A60427 /* SceneDelegate.swift */,
			);
			path = application;
			sourceTree = "<group>";
		};
		09FC5D68269A26E300A60427 /* storyboard */ = {
			isa = PBXGroup;
			children = (
				09FC5D4E269A121F00A60427 /* Main.storyboard */,
				09FC5D56269A122000A60427 /* LaunchScreen.storyboard */,
			);
			path = storyboard;
			sourceTree = "<group>";
		};
		09FC5D69269A273100A60427 /* support */ = {
			isa = PBXGroup;
			children = (
				09FC5D54269A122000A60427 /* Assets.xcassets */,
				09FC5D59269A122000A60427 /* Info.plist */,
			);
			path = support;
			sourceTree = "<group>";
		};
		09FC5D6A269A27D700A60427 /* task */ = {
			isa = PBXGroup;
			children = (
				09FC5D7D269A2C5800A60427 /* model */,
				09FC5D7C269A2C4900A60427 /* repository */,
				09FC5D7B269A2C4000A60427 /* viewmodel */,
				09FC5D7A269A2C2700A60427 /* viewcontroller */,
				09FC5D71269A289A00A60427 /* cache */,
			);
			path = task;
			sourceTree = "<group>";
		};
		09FC5D71269A289A00A60427 /* cache */ = {
			isa = PBXGroup;
			children = (
				09FC5D72269A28B500A60427 /* TaskEntity+CoreDataClass.swift */,
				09FC5D73269A28B500A60427 /* TaskEntity+CoreDataProperties.swift */,
				09FC5D74269A28B500A60427 /* UserEntity+CoreDataClass.swift */,
				09FC5D75269A28B500A60427 /* UserEntity+CoreDataProperties.swift */,
			);
			path = cache;
			sourceTree = "<group>";
		};
		09FC5D7A269A2C2700A60427 /* viewcontroller */ = {
			isa = PBXGroup;
			children = (
				09FC5D4C269A121F00A60427 /* AllTasksController.swift */,
				09FC5D7E269A2ED600A60427 /* AddTaskViewController.swift */,
			);
			path = viewcontroller;
			sourceTree = "<group>";
		};
		09FC5D7B269A2C4000A60427 /* viewmodel */ = {
			isa = PBXGroup;
			children = (
				09FC5D6B269A280E00A60427 /* TaskViewModel.swift */,
				09FC5D81269A303B00A60427 /* AddTaskViewModel.swift */,
			);
			path = viewmodel;
			sourceTree = "<group>";
		};
		09FC5D7C269A2C4900A60427 /* repository */ = {
			isa = PBXGroup;
			children = (
				09FC5D6D269A284500A60427 /* TaskRepository.swift */,
			);
			path = repository;
			sourceTree = "<group>";
		};
		09FC5D7D269A2C5800A60427 /* model */ = {
			isa = PBXGroup;
			children = (
				09FC5D6F269A286900A60427 /* TaskModel.swift */,
			);
			path = model;
			sourceTree = "<group>";
		};
		09FC5D80269A2FC000A60427 /* coredata */ = {
			isa = PBXGroup;
			children = (
				09FC5D51269A121F00A60427 /* mvvm_core_data.xcdatamodeld */,
				09FC5D83269A322100A60427 /* CoreDataStack.swift */,
			);
			path = coredata;
			sourceTree = "<group>";
		};
		09FC5D85269A347E00A60427 /* constants */ = {
			isa = PBXGroup;
			children = (
				09FC5D86269A349A00A60427 /* Constants.swift */,
			);
			path = constants;
			sourceTree = "<group>";
		};
/* End PBXGroup section */

/* Begin PBXNativeTarget section */
		09FC5D44269A121F00A60427 /* mvvm-core-data */ = {
			isa = PBXNativeTarget;
			buildConfigurationList = 09FC5D5C269A122000A60427 /* Build configuration list for PBXNativeTarget "mvvm-core-data" */;
			buildPhases = (
				09FC5D41269A121F00A60427 /* Sources */,
				09FC5D42269A121F00A60427 /* Frameworks */,
				09FC5D43269A121F00A60427 /* Resources */,
			);
			buildRules = (
			);
			dependencies = (
			);
			name = "mvvm-core-data";
			productName = "mvvm-core-data";
			productReference = 09FC5D45269A121F00A60427 /* mvvm-core-data.app */;
			productType = "com.apple.product-type.application";
		};
/* End PBXNativeTarget section */

/* Begin PBXProject section */
		09FC5D3D269A121F00A60427 /* Project object */ = {
			isa = PBXProject;
			attributes = {
				LastSwiftUpdateCheck = 1250;
				LastUpgradeCheck = 1250;
				TargetAttributes = {
					09FC5D44269A121F00A60427 = {
						CreatedOnToolsVersion = 12.5.1;
					};
				};
			};
			buildConfigurationList = 09FC5D40269A121F00A60427 /* Build configuration list for PBXProject "mvvm-core-data" */;
			compatibilityVersion = "Xcode 9.3";
			developmentRegion = en;
			hasScannedForEncodings = 0;
			knownRegions = (
				en,
				Base,
			);
			mainGroup = 09FC5D3C269A121F00A60427;
			productRefGroup = 09FC5D46269A121F00A60427 /* Products */;
			projectDirPath = "";
			projectRoot = "";
			targets = (
				09FC5D44269A121F00A60427 /* mvvm-core-data */,
			);
		};
/* End PBXProject section */

/* Begin PBXResourcesBuildPhase section */
		09FC5D43269A121F00A60427 /* Resources */ = {
			isa = PBXResourcesBuildPhase;
			buildActionMask = 2147483647;
			files = (
				09FC5D58269A122000A60427 /* LaunchScreen.storyboard in Resources */,
				09FC5D55269A122000A60427 /* Assets.xcassets in Resources */,
				09FC5D50269A121F00A60427 /* Main.storyboard in Resources */,
			);
			runOnlyForDeploymentPostprocessing = 0;
		};
/* End PBXResourcesBuildPhase section */

/* Begin PBXSourcesBuildPhase section */
		09FC5D41269A121F00A60427 /* Sources */ = {
			isa = PBXSourcesBuildPhase;
			buildActionMask = 2147483647;
			files = (
				09FC5D6E269A284500A60427 /* TaskRepository.swift in Sources */,
				09FC5D7F269A2ED600A60427 /* AddTaskViewController.swift in Sources */,
				09FC5D82269A303B00A60427 /* AddTaskViewModel.swift in Sources */,
				09FC5D79269A28B500A60427 /* UserEntity+CoreDataProperties.swift in Sources */,
				09FC5D78269A28B500A60427 /* UserEntity+CoreDataClass.swift in Sources */,
				09FC5D87269A349A00A60427 /* Constants.swift in Sources */,
				09FC5D4D269A121F00A60427 /* AllTasksController.swift in Sources */,
				09FC5D49269A121F00A60427 /* AppDelegate.swift in Sources */,
				09FC5D84269A322100A60427 /* CoreDataStack.swift in Sources */,
				09FC5D53269A121F00A60427 /* mvvm_core_data.xcdatamodeld in Sources */,
				09FC5D6C269A280E00A60427 /* TaskViewModel.swift in Sources */,
				09FC5D76269A28B500A60427 /* TaskEntity+CoreDataClass.swift in Sources */,
				09FC5D77269A28B500A60427 /* TaskEntity+CoreDataProperties.swift in Sources */,
				09FC5D4B269A121F00A60427 /* SceneDelegate.swift in Sources */,
				09FC5D70269A286900A60427 /* TaskModel.swift in Sources */,
			);
			runOnlyForDeploymentPostprocessing = 0;
		};
/* End PBXSourcesBuildPhase section */

/* Begin PBXVariantGroup section */
		09FC5D4E269A121F00A60427 /* Main.storyboard */ = {
			isa = PBXVariantGroup;
			children = (
				09FC5D4F269A121F00A60427 /* Base */,
			);
			name = Main.storyboard;
			sourceTree = "<group>";
		};
		09FC5D56269A122000A60427 /* LaunchScreen.storyboard */ = {
			isa = PBXVariantGroup;
			children = (
				09FC5D57269A122000A60427 /* Base */,
			);
			name = LaunchScreen.storyboard;
			sourceTree = "<group>";
		};
/* End PBXVariantGroup section */

/* Begin XCBuildConfiguration section */
		09FC5D5A269A122000A60427 /* Debug */ = {
			isa = XCBuildConfiguration;
			buildSettings = {
				ALWAYS_SEARCH_USER_PATHS = NO;
				CLANG_ANALYZER_NONNULL = YES;
				CLANG_ANALYZER_NUMBER_OBJECT_CONVERSION = YES_AGGRESSIVE;
				CLANG_CXX_LANGUAGE_STANDARD = "gnu++14";
				CLANG_CXX_LIBRARY = "libc++";
				CLANG_ENABLE_MODULES = YES;
				CLANG_ENABLE_OBJC_ARC = YES;
				CLANG_ENABLE_OBJC_WEAK = YES;
				CLANG_WARN_BLOCK_CAPTURE_AUTORELEASING = YES;
				CLANG_WARN_BOOL_CONVERSION = YES;
				CLANG_WARN_COMMA = YES;
				CLANG_WARN_CONSTANT_CONVERSION = YES;
				CLANG_WARN_DEPRECATED_OBJC_IMPLEMENTATIONS = YES;
				CLANG_WARN_DIRECT_OBJC_ISA_USAGE = YES_ERROR;
				CLANG_WARN_DOCUMENTATION_COMMENTS = YES;
				CLANG_WARN_EMPTY_BODY = YES;
				CLANG_WARN_ENUM_CONVERSION = YES;
				CLANG_WARN_INFINITE_RECURSION = YES;
				CLANG_WARN_INT_CONVERSION = YES;
				CLANG_WARN_NON_LITERAL_NULL_CONVERSION = YES;
				CLANG_WARN_OBJC_IMPLICIT_RETAIN_SELF = YES;
				CLANG_WARN_OBJC_LITERAL_CONVERSION = YES;
				CLANG_WARN_OBJC_ROOT_CLASS = YES_ERROR;
				CLANG_WARN_QUOTED_INCLUDE_IN_FRAMEWORK_HEADER = YES;
				CLANG_WARN_RANGE_LOOP_ANALYSIS = YES;
				CLANG_WARN_STRICT_PROTOTYPES = YES;
				CLANG_WARN_SUSPICIOUS_MOVE = YES;
				CLANG_WARN_UNGUARDED_AVAILABILITY = YES_AGGRESSIVE;
				CLANG_WARN_UNREACHABLE_CODE = YES;
				CLANG_WARN__DUPLICATE_METHOD_MATCH = YES;
				COPY_PHASE_STRIP = NO;
				DEBUG_INFORMATION_FORMAT = dwarf;
				ENABLE_STRICT_OBJC_MSGSEND = YES;
				ENABLE_TESTABILITY = YES;
				GCC_C_LANGUAGE_STANDARD = gnu11;
				GCC_DYNAMIC_NO_PIC = NO;
				GCC_NO_COMMON_BLOCKS = YES;
				GCC_OPTIMIZATION_LEVEL = 0;
				GCC_PREPROCESSOR_DEFINITIONS = (
					"DEBUG=1",
					"$(inherited)",
				);
				GCC_WARN_64_TO_32_BIT_CONVERSION = YES;
				GCC_WARN_ABOUT_RETURN_TYPE = YES_ERROR;
				GCC_WARN_UNDECLARED_SELECTOR = YES;
				GCC_WARN_UNINITIALIZED_AUTOS = YES_AGGRESSIVE;
				GCC_WARN_UNUSED_FUNCTION = YES;
				GCC_WARN_UNUSED_VARIABLE = YES;
				IPHONEOS_DEPLOYMENT_TARGET = 14.5;
				MTL_ENABLE_DEBUG_INFO = INCLUDE_SOURCE;
				MTL_FAST_MATH = YES;
				ONLY_ACTIVE_ARCH = YES;
				SDKROOT = iphoneos;
				SWIFT_ACTIVE_COMPILATION_CONDITIONS = DEBUG;
				SWIFT_OPTIMIZATION_LEVEL = "-Onone";
			};
			name = Debug;
		};
		09FC5D5B269A122000A60427 /* Release */ = {
			isa = XCBuildConfiguration;
			buildSettings = {
				ALWAYS_SEARCH_USER_PATHS = NO;
				CLANG_ANALYZER_NONNULL = YES;
				CLANG_ANALYZER_NUMBER_OBJECT_CONVERSION = YES_AGGRESSIVE;
				CLANG_CXX_LANGUAGE_STANDARD = "gnu++14";
				CLANG_CXX_LIBRARY = "libc++";
				CLANG_ENABLE_MODULES = YES;
				CLANG_ENABLE_OBJC_ARC = YES;
				CLANG_ENABLE_OBJC_WEAK = YES;
				CLANG_WARN_BLOCK_CAPTURE_AUTORELEASING = YES;
				CLANG_WARN_BOOL_CONVERSION = YES;
				CLANG_WARN_COMMA = YES;
				CLANG_WARN_CONSTANT_CONVERSION = YES;
				CLANG_WARN_DEPRECATED_OBJC_IMPLEMENTATIONS = YES;
				CLANG_WARN_DIRECT_OBJC_ISA_USAGE = YES_ERROR;
				CLANG_WARN_DOCUMENTATION_COMMENTS = YES;
				CLANG_WARN_EMPTY_BODY = YES;
				CLANG_WARN_ENUM_CONVERSION = YES;
				CLANG_WARN_INFINITE_RECURSION = YES;
				CLANG_WARN_INT_CONVERSION = YES;
				CLANG_WARN_NON_LITERAL_NULL_CONVERSION = YES;
				CLANG_WARN_OBJC_IMPLICIT_RETAIN_SELF = YES;
				CLANG_WARN_OBJC_LITERAL_CONVERSION = YES;
				CLANG_WARN_OBJC_ROOT_CLASS = YES_ERROR;
				CLANG_WARN_QUOTED_INCLUDE_IN_FRAMEWORK_HEADER = YES;
				CLANG_WARN_RANGE_LOOP_ANALYSIS = YES;
				CLANG_WARN_STRICT_PROTOTYPES = YES;
				CLANG_WARN_SUSPICIOUS_MOVE = YES;
				CLANG_WARN_UNGUARDED_AVAILABILITY = YES_AGGRESSIVE;
				CLANG_WARN_UNREACHABLE_CODE = YES;
				CLANG_WARN__DUPLICATE_METHOD_MATCH = YES;
				COPY_PHASE_STRIP = NO;
				DEBUG_INFORMATION_FORMAT = "dwarf-with-dsym";
				ENABLE_NS_ASSERTIONS = NO;
				ENABLE_STRICT_OBJC_MSGSEND = YES;
				GCC_C_LANGUAGE_STANDARD = gnu11;
				GCC_NO_COMMON_BLOCKS = YES;
				GCC_WARN_64_TO_32_BIT_CONVERSION = YES;
				GCC_WARN_ABOUT_RETURN_TYPE = YES_ERROR;
				GCC_WARN_UNDECLARED_SELECTOR = YES;
				GCC_WARN_UNINITIALIZED_AUTOS = YES_AGGRESSIVE;
				GCC_WARN_UNUSED_FUNCTION = YES;
				GCC_WARN_UNUSED_VARIABLE = YES;
				IPHONEOS_DEPLOYMENT_TARGET = 14.5;
				MTL_ENABLE_DEBUG_INFO = NO;
				MTL_FAST_MATH = YES;
				SDKROOT = iphoneos;
				SWIFT_COMPILATION_MODE = wholemodule;
				SWIFT_OPTIMIZATION_LEVEL = "-O";
				VALIDATE_PRODUCT = YES;
			};
			name = Release;
		};
		09FC5D5D269A122000A60427 /* Debug */ = {
			isa = XCBuildConfiguration;
			buildSettings = {
				ASSETCATALOG_COMPILER_APPICON_NAME = AppIcon;
				ASSETCATALOG_COMPILER_GLOBAL_ACCENT_COLOR_NAME = AccentColor;
				CODE_SIGN_STYLE = Automatic;
				DEVELOPMENT_TEAM = 6JANY49CS9;
				INFOPLIST_FILE = "mvvm-core-data/support/Info.plist";
				LD_RUNPATH_SEARCH_PATHS = (
					"$(inherited)",
					"@executable_path/Frameworks",
				);
				PRODUCT_BUNDLE_IDENTIFIER = "me-tigranes.io.mvvm-core-data";
				PRODUCT_NAME = "$(TARGET_NAME)";
				SWIFT_VERSION = 5.0;
				TARGETED_DEVICE_FAMILY = "1,2";
			};
			name = Debug;
		};
		09FC5D5E269A122000A60427 /* Release */ = {
			isa = XCBuildConfiguration;
			buildSettings = {
				ASSETCATALOG_COMPILER_APPICON_NAME = AppIcon;
				ASSETCATALOG_COMPILER_GLOBAL_ACCENT_COLOR_NAME = AccentColor;
				CODE_SIGN_STYLE = Automatic;
				DEVELOPMENT_TEAM = 6JANY49CS9;
				INFOPLIST_FILE = "mvvm-core-data/support/Info.plist";
				LD_RUNPATH_SEARCH_PATHS = (
					"$(inherited)",
					"@executable_path/Frameworks",
				);
				PRODUCT_BUNDLE_IDENTIFIER = "me-tigranes.io.mvvm-core-data";
				PRODUCT_NAME = "$(TARGET_NAME)";
				SWIFT_VERSION = 5.0;
				TARGETED_DEVICE_FAMILY = "1,2";
			};
			name = Release;
		};
/* End XCBuildConfiguration section */

/* Begin XCConfigurationList section */
		09FC5D40269A121F00A60427 /* Build configuration list for PBXProject "mvvm-core-data" */ = {
			isa = XCConfigurationList;
			buildConfigurations = (
				09FC5D5A269A122000A60427 /* Debug */,
				09FC5D5B269A122000A60427 /* Release */,
			);
			defaultConfigurationIsVisible = 0;
			defaultConfigurationName = Release;
		};
		09FC5D5C269A122000A60427 /* Build configuration list for PBXNativeTarget "mvvm-core-data" */ = {
			isa = XCConfigurationList;
			buildConfigurations = (
				09FC5D5D269A122000A60427 /* Debug */,
				09FC5D5E269A122000A60427 /* Release */,
			);
			defaultConfigurationIsVisible = 0;
			defaultConfigurationName = Release;
		};
/* End XCConfigurationList section */

/* Begin XCVersionGroup section */
		09FC5D51269A121F00A60427 /* mvvm_core_data.xcdatamodeld */ = {
			isa = XCVersionGroup;
			children = (
				09FC5D52269A121F00A60427 /* mvvm_core_data.xcdatamodel */,
			);
			currentVersion = 09FC5D52269A121F00A60427 /* mvvm_core_data.xcdatamodel */;
			path = mvvm_core_data.xcdatamodeld;
			sourceTree = "<group>";
			versionGroupType = wrapper.xcdatamodel;
		};
/* End XCVersionGroup section */
	};
	rootObject = 09FC5D3D269A121F00A60427 /* Project object */;
}
